
Microsoft Visual Studio Solution File, Format Version 12.00
# Visual Studio Version 17
VisualStudioVersion = 17.3.32811.315
MinimumVisualStudioVersion = 10.0.40219.1
Project("{FAE04EC0-301F-11D3-BF4B-00C04F79EFBC}") = "SecretsShareServer", "SecretsShareServer\SecretsShareServer.csproj", "{CE3AFC13-8A55-475A-BD97-6C73507CF721}"
EndProject
Project("{FAE04EC0-301F-11D3-BF4B-00C04F79EFBC}") = "SecretsShareServerTest", "SecretsShareServerTest\SecretsShareServerTest.csproj", "{3A0340EB-FD49-4DD0-9B2F-9C184C38BE97}"
EndProject
Global
	GlobalSection(SolutionConfigurationPlatforms) = preSolution
		Debug|Any CPU = Debug|Any CPU
		Release|Any CPU = Release|Any CPU
	EndGlobalSection
	GlobalSection(ProjectConfigurationPlatforms) = postSolution
		{CE3AFC13-8A55-475A-BD97-6C73507CF721}.Debug|Any CPU.ActiveCfg = Debug|Any CPU
		{CE3AFC13-8A55-475A-BD97-6C73507CF721}.Debug|Any CPU.Build.0 = Debug|Any CPU
		{CE3AFC13-8A55-475A-BD97-6C73507CF721}.Release|Any CPU.ActiveCfg = Release|Any CPU
		{CE3AFC13-8A55-475A-BD97-6C73507CF721}.Release|Any CPU.Build.0 = Release|Any CPU
		{3A0340EB-FD49-4DD0-9B2F-9C184C38BE97}.Debug|Any CPU.ActiveCfg = Debug|Any CPU
		{3A0340EB-FD49-4DD0-9B2F-9C184C38BE97}.Debug|Any CPU.Build.0 = Debug|Any CPU
		{3A0340EB-FD49-4DD0-9B2F-9C184C38BE97}.Release|Any CPU.ActiveCfg = Release|Any CPU
		{3A0340EB-FD49-4DD0-9B2F-9C184C38BE97}.Release|Any CPU.Build.0 = Release|Any CPU
	EndGlobalSection
	GlobalSection(SolutionProperties) = preSolution
		HideSolutionNode = FALSE
	EndGlobalSection
	GlobalSection(ExtensibilityGlobals) = postSolution
		SolutionGuid = {92B3B6A2-14BE-4DF4-8331-A43A80A3212F}
	EndGlobalSection
EndGlobal
